
Microsoft Visual Studio Solution File, Format Version 12.00
# Visual Studio Version 17
VisualStudioVersion = 17.1.32407.343
MinimumVisualStudioVersion = 10.0.40219.1
Project("{9A19103F-16F7-4668-BE54-9A1E7A4F7556}") = "Toronto", "Toronto\Toronto.csproj", "{B1DB64AB-3D7D-4151-9BB1-C66D154285A9}"
EndProject
Global
	GlobalSection(SolutionConfigurationPlatforms) = preSolution
		Debug|Any CPU = Debug|Any CPU
		Release|Any CPU = Release|Any CPU
	EndGlobalSection
	GlobalSection(ProjectConfigurationPlatforms) = postSolution
		{B1DB64AB-3D7D-4151-9BB1-C66D154285A9}.Debug|Any CPU.ActiveCfg = Debug|Any CPU
		{B1DB64AB-3D7D-4151-9BB1-C66D154285A9}.Debug|Any CPU.Build.0 = Debug|Any CPU
		{B1DB64AB-3D7D-4151-9BB1-C66D154285A9}.Release|Any CPU.ActiveCfg = Release|Any CPU
		{B1DB64AB-3D7D-4151-9BB1-C66D154285A9}.Release|Any CPU.Build.0 = Release|Any CPU
	EndGlobalSection
	GlobalSection(SolutionProperties) = preSolution
		HideSolutionNode = FALSE
	EndGlobalSection
	GlobalSection(ExtensibilityGlobals) = postSolution
		SolutionGuid = {0E509B07-AEA3-4736-AB68-CD773B9428C8}
	EndGlobalSection
EndGlobal
